
Microsoft Visual Studio Solution File, Format Version 12.00
# Visual Studio Version 16
VisualStudioVersion = 16.6.30114.105
MinimumVisualStudioVersion = 10.0.40219.1
Project("{FAE04EC0-301F-11D3-BF4B-00C04F79EFBC}") = "Main", "Main\Main.csproj", "{62D426D3-7340-45F9-B188-5C339E94283E}"
EndProject
Project("{FAE04EC0-301F-11D3-BF4B-00C04F79EFBC}") = "Lib", "Lib\Lib.csproj", "{FC473703-5A16-4596-99DF-745C8A05D6F2}"
EndProject
Global
	GlobalSection(SolutionConfigurationPlatforms) = preSolution
		Debug|Any CPU = Debug|Any CPU
		Debug|x64 = Debug|x64
		Debug|x86 = Debug|x86
		Release|Any CPU = Release|Any CPU
		Release|x64 = Release|x64
		Release|x86 = Release|x86
	EndGlobalSection
	GlobalSection(SolutionProperties) = preSolution
		HideSolutionNode = FALSE
	EndGlobalSection
	GlobalSection(ProjectConfigurationPlatforms) = postSolution
		{62D426D3-7340-45F9-B188-5C339E94283E}.Debug|Any CPU.ActiveCfg = Debug|Any CPU
		{62D426D3-7340-45F9-B188-5C339E94283E}.Debug|Any CPU.Build.0 = Debug|Any CPU
		{62D426D3-7340-45F9-B188-5C339E94283E}.Debug|x64.ActiveCfg = Debug|Any CPU
		{62D426D3-7340-45F9-B188-5C339E94283E}.Debug|x64.Build.0 = Debug|Any CPU
		{62D426D3-7340-45F9-B188-5C339E94283E}.Debug|x86.ActiveCfg = Debug|Any CPU
		{62D426D3-7340-45F9-B188-5C339E94283E}.Debug|x86.Build.0 = Debug|Any CPU
		{62D426D3-7340-45F9-B188-5C339E94283E}.Release|Any CPU.ActiveCfg = Release|Any CPU
		{62D426D3-7340-45F9-B188-5C339E94283E}.Release|Any CPU.Build.0 = Release|Any CPU
		{62D426D3-7340-45F9-B188-5C339E94283E}.Release|x64.ActiveCfg = Release|Any CPU
		{62D426D3-7340-45F9-B188-5C339E94283E}.Release|x64.Build.0 = Release|Any CPU
		{62D426D3-7340-45F9-B188-5C339E94283E}.Release|x86.ActiveCfg = Release|Any CPU
		{62D426D3-7340-45F9-B188-5C339E94283E}.Release|x86.Build.0 = Release|Any CPU
		{FC473703-5A16-4596-99DF-745C8A05D6F2}.Debug|Any CPU.ActiveCfg = Debug|Any CPU
		{FC473703-5A16-4596-99DF-745C8A05D6F2}.Debug|Any CPU.Build.0 = Debug|Any CPU
		{FC473703-5A16-4596-99DF-745C8A05D6F2}.Debug|x64.ActiveCfg = Debug|Any CPU
		{FC473703-5A16-4596-99DF-745C8A05D6F2}.Debug|x64.Build.0 = Debug|Any CPU
		{FC473703-5A16-4596-99DF-745C8A05D6F2}.Debug|x86.ActiveCfg = Debug|Any CPU
		{FC473703-5A16-4596-99DF-745C8A05D6F2}.Debug|x86.Build.0 = Debug|Any CPU
		{FC473703-5A16-4596-99DF-745C8A05D6F2}.Release|Any CPU.ActiveCfg = Release|Any CPU
		{FC473703-5A16-4596-99DF-745C8A05D6F2}.Release|Any CPU.Build.0 = Release|Any CPU
		{FC473703-5A16-4596-99DF-745C8A05D6F2}.Release|x64.ActiveCfg = Release|Any CPU
		{FC473703-5A16-4596-99DF-745C8A05D6F2}.Release|x64.Build.0 = Release|Any CPU
		{FC473703-5A16-4596-99DF-745C8A05D6F2}.Release|x86.ActiveCfg = Release|Any CPU
		{FC473703-5A16-4596-99DF-745C8A05D6F2}.Release|x86.Build.0 = Release|Any CPU
	EndGlobalSection
EndGlobal
